
Microsoft Visual Studio Solution File, Format Version 12.00
# Visual Studio 2012
Project("{FAE04EC0-301F-11D3-BF4B-00C04F79EFBC}") = "MsWordFirstAddon", "MsWordFirstAddon\MsWordFirstAddon.csproj", "{C25E2F7D-0FF3-4053-B3BA-42A17E37D3A0}"
EndProject
Project("{FAE04EC0-301F-11D3-BF4B-00C04F79EFBC}") = "MvcApplication1", "MvcApplication1\MvcApplication1.csproj", "{8AB04B17-F95B-4E5A-9F1E-48E256110B7F}"
EndProject
Project("{FAE04EC0-301F-11D3-BF4B-00C04F79EFBC}") = "FileUploadTest", "FileUploadTest\FileUploadTest.csproj", "{C252E2A5-F63C-49FF-8605-D4CACDBC2BA5}"
EndProject
Global
	GlobalSection(SolutionConfigurationPlatforms) = preSolution
		Debug|Any CPU = Debug|Any CPU
		Release|Any CPU = Release|Any CPU
	EndGlobalSection
	GlobalSection(ProjectConfigurationPlatforms) = postSolution
		{C25E2F7D-0FF3-4053-B3BA-42A17E37D3A0}.Debug|Any CPU.ActiveCfg = Debug|Any CPU
		{C25E2F7D-0FF3-4053-B3BA-42A17E37D3A0}.Debug|Any CPU.Build.0 = Debug|Any CPU
		{C25E2F7D-0FF3-4053-B3BA-42A17E37D3A0}.Release|Any CPU.ActiveCfg = Release|Any CPU
		{C25E2F7D-0FF3-4053-B3BA-42A17E37D3A0}.Release|Any CPU.Build.0 = Release|Any CPU
		{8AB04B17-F95B-4E5A-9F1E-48E256110B7F}.Debug|Any CPU.ActiveCfg = Debug|Any CPU
		{8AB04B17-F95B-4E5A-9F1E-48E256110B7F}.Debug|Any CPU.Build.0 = Debug|Any CPU
		{8AB04B17-F95B-4E5A-9F1E-48E256110B7F}.Release|Any CPU.ActiveCfg = Release|Any CPU
		{8AB04B17-F95B-4E5A-9F1E-48E256110B7F}.Release|Any CPU.Build.0 = Release|Any CPU
		{C252E2A5-F63C-49FF-8605-D4CACDBC2BA5}.Debug|Any CPU.ActiveCfg = Debug|Any CPU
		{C252E2A5-F63C-49FF-8605-D4CACDBC2BA5}.Debug|Any CPU.Build.0 = Debug|Any CPU
		{C252E2A5-F63C-49FF-8605-D4CACDBC2BA5}.Release|Any CPU.ActiveCfg = Release|Any CPU
		{C252E2A5-F63C-49FF-8605-D4CACDBC2BA5}.Release|Any CPU.Build.0 = Release|Any CPU
	EndGlobalSection
	GlobalSection(SolutionProperties) = preSolution
		HideSolutionNode = FALSE
	EndGlobalSection
EndGlobal
