
Microsoft Visual Studio Solution File, Format Version 12.00
# Visual Studio 2012
Project("{FAE04EC0-301F-11D3-BF4B-00C04F79EFBC}") = "Validation", "Validation\Validation.csproj", "{0EB9E545-0C09-4F64-B2BD-4BC190DE7CA0}"
EndProject
Global
	GlobalSection(SolutionConfigurationPlatforms) = preSolution
		Debug|Any CPU = Debug|Any CPU
		Release|Any CPU = Release|Any CPU
	EndGlobalSection
	GlobalSection(ProjectConfigurationPlatforms) = postSolution
		{0EB9E545-0C09-4F64-B2BD-4BC190DE7CA0}.Debug|Any CPU.ActiveCfg = Debug|Any CPU
		{0EB9E545-0C09-4F64-B2BD-4BC190DE7CA0}.Debug|Any CPU.Build.0 = Debug|Any CPU
		{0EB9E545-0C09-4F64-B2BD-4BC190DE7CA0}.Release|Any CPU.ActiveCfg = Release|Any CPU
		{0EB9E545-0C09-4F64-B2BD-4BC190DE7CA0}.Release|Any CPU.Build.0 = Release|Any CPU
	EndGlobalSection
	GlobalSection(SolutionProperties) = preSolution
		HideSolutionNode = FALSE
	EndGlobalSection
EndGlobal
